
Microsoft Visual Studio Solution File, Format Version 12.00
# Visual Studio Version 16
VisualStudioVersion = 16.0.29911.84
MinimumVisualStudioVersion = 10.0.40219.1
Project("{FAE04EC0-301F-11D3-BF4B-00C04F79EFBC}") = "DfontSplitter", "DfontSplitter.csproj", "{AC5F8564-F796-4986-80A6-A53E7EEFF5F6}"
EndProject
Global
	GlobalSection(SolutionConfigurationPlatforms) = preSolution
		Debug|Any CPU = Debug|Any CPU
		Debug|x86 = Debug|x86
		Release|Any CPU = Release|Any CPU
		Release|x86 = Release|x86
	EndGlobalSection
	GlobalSection(ProjectConfigurationPlatforms) = postSolution
		{AC5F8564-F796-4986-80A6-A53E7EEFF5F6}.Debug|Any CPU.ActiveCfg = Debug|x86
		{AC5F8564-F796-4986-80A6-A53E7EEFF5F6}.Debug|Any CPU.Build.0 = Debug|x86
		{AC5F8564-F796-4986-80A6-A53E7EEFF5F6}.Debug|x86.ActiveCfg = Debug|x86
		{AC5F8564-F796-4986-80A6-A53E7EEFF5F6}.Debug|x86.Build.0 = Debug|x86
		{AC5F8564-F796-4986-80A6-A53E7EEFF5F6}.Release|Any CPU.ActiveCfg = Release|Any CPU
		{AC5F8564-F796-4986-80A6-A53E7EEFF5F6}.Release|Any CPU.Build.0 = Release|Any CPU
		{AC5F8564-F796-4986-80A6-A53E7EEFF5F6}.Release|x86.ActiveCfg = Release|x86
		{AC5F8564-F796-4986-80A6-A53E7EEFF5F6}.Release|x86.Build.0 = Release|x86
	EndGlobalSection
	GlobalSection(SolutionProperties) = preSolution
		HideSolutionNode = FALSE
	EndGlobalSection
	GlobalSection(ExtensibilityGlobals) = postSolution
		SolutionGuid = {9D3ECEF9-5853-4EB6-90CE-DA91C0A58BF3}
	EndGlobalSection
EndGlobal
